
Microsoft Visual Studio Solution File, Format Version 12.00
# Visual Studio Version 16
VisualStudioVersion = 16.0.30114.105
MinimumVisualStudioVersion = 10.0.40219.1
Project("{2150E333-8FDC-42A3-9474-1A3956D46DE8}") = "src", "src", "{6F8B025D-98AF-4664-B744-9D35BEC6DE48}"
EndProject
Project("{FAE04EC0-301F-11D3-BF4B-00C04F79EFBC}") = "Orders.API", "src\Orders.API\Orders.API.csproj", "{2E6A7F9E-2D53-418E-91F9-089F08E82CAD}"
EndProject
Project("{FAE04EC0-301F-11D3-BF4B-00C04F79EFBC}") = "Orders.Core", "src\Orders.Core\Orders.Core.csproj", "{CA59AF70-A00B-42A0-B205-3798290A994E}"
EndProject
Global
	GlobalSection(SolutionConfigurationPlatforms) = preSolution
		Debug|Any CPU = Debug|Any CPU
		Release|Any CPU = Release|Any CPU
	EndGlobalSection
	GlobalSection(SolutionProperties) = preSolution
		HideSolutionNode = FALSE
	EndGlobalSection
	GlobalSection(ProjectConfigurationPlatforms) = postSolution
		{2E6A7F9E-2D53-418E-91F9-089F08E82CAD}.Debug|Any CPU.ActiveCfg = Debug|Any CPU
		{2E6A7F9E-2D53-418E-91F9-089F08E82CAD}.Debug|Any CPU.Build.0 = Debug|Any CPU
		{2E6A7F9E-2D53-418E-91F9-089F08E82CAD}.Release|Any CPU.ActiveCfg = Release|Any CPU
		{2E6A7F9E-2D53-418E-91F9-089F08E82CAD}.Release|Any CPU.Build.0 = Release|Any CPU
		{CA59AF70-A00B-42A0-B205-3798290A994E}.Debug|Any CPU.ActiveCfg = Debug|Any CPU
		{CA59AF70-A00B-42A0-B205-3798290A994E}.Debug|Any CPU.Build.0 = Debug|Any CPU
		{CA59AF70-A00B-42A0-B205-3798290A994E}.Release|Any CPU.ActiveCfg = Release|Any CPU
		{CA59AF70-A00B-42A0-B205-3798290A994E}.Release|Any CPU.Build.0 = Release|Any CPU
	EndGlobalSection
	GlobalSection(NestedProjects) = preSolution
		{2E6A7F9E-2D53-418E-91F9-089F08E82CAD} = {6F8B025D-98AF-4664-B744-9D35BEC6DE48}
		{CA59AF70-A00B-42A0-B205-3798290A994E} = {6F8B025D-98AF-4664-B744-9D35BEC6DE48}
	EndGlobalSection
EndGlobal
